
Microsoft Visual Studio Solution File, Format Version 12.00
# Visual Studio Version 17
VisualStudioVersion = 17.0.31903.59
MinimumVisualStudioVersion = 10.0.40219.1
Project("{2150E333-8FDC-42A3-9474-1A3956D46DE8}") = "src", "src", "{3B0F81BB-0189-4981-8423-491237C19B38}"
EndProject
Project("{FAE04EC0-301F-11D3-BF4B-00C04F79EFBC}") = "Apitf.Core", "src\Apitf.Core\Apitf.Core.csproj", "{EB0E3946-08AF-4184-9A78-2252ADF5BB31}"
EndProject
Project("{2150E333-8FDC-42A3-9474-1A3956D46DE8}") = "tests", "tests", "{DBDB307D-E663-4880-B48D-05BF6C2E40B3}"
EndProject
Project("{FAE04EC0-301F-11D3-BF4B-00C04F79EFBC}") = "Apitf.Core.Tests", "tests\Apitf.Core.Tests\Apitf.Core.Tests.csproj", "{277181F8-3C6E-4DB3-A341-8040153868CC}"
EndProject
Global
	GlobalSection(SolutionConfigurationPlatforms) = preSolution
		Debug|Any CPU = Debug|Any CPU
		Release|Any CPU = Release|Any CPU
	EndGlobalSection
	GlobalSection(SolutionProperties) = preSolution
		HideSolutionNode = FALSE
	EndGlobalSection
	GlobalSection(ProjectConfigurationPlatforms) = postSolution
		{EB0E3946-08AF-4184-9A78-2252ADF5BB31}.Debug|Any CPU.ActiveCfg = Debug|Any CPU
		{EB0E3946-08AF-4184-9A78-2252ADF5BB31}.Debug|Any CPU.Build.0 = Debug|Any CPU
		{EB0E3946-08AF-4184-9A78-2252ADF5BB31}.Release|Any CPU.ActiveCfg = Release|Any CPU
		{EB0E3946-08AF-4184-9A78-2252ADF5BB31}.Release|Any CPU.Build.0 = Release|Any CPU
		{277181F8-3C6E-4DB3-A341-8040153868CC}.Debug|Any CPU.ActiveCfg = Debug|Any CPU
		{277181F8-3C6E-4DB3-A341-8040153868CC}.Debug|Any CPU.Build.0 = Debug|Any CPU
		{277181F8-3C6E-4DB3-A341-8040153868CC}.Release|Any CPU.ActiveCfg = Release|Any CPU
		{277181F8-3C6E-4DB3-A341-8040153868CC}.Release|Any CPU.Build.0 = Release|Any CPU
	EndGlobalSection
	GlobalSection(NestedProjects) = preSolution
		{EB0E3946-08AF-4184-9A78-2252ADF5BB31} = {3B0F81BB-0189-4981-8423-491237C19B38}
		{277181F8-3C6E-4DB3-A341-8040153868CC} = {DBDB307D-E663-4880-B48D-05BF6C2E40B3}
	EndGlobalSection
EndGlobal
